{
  "name": "js-types",
  "lockfileVersion": 3,
  "requires": true,
  "packages": {
    "": {
      "dependencies": {
        "@jrc03c/js-text-tools": "^0.0.24"
      }
    },
    "node_modules/@jrc03c/bash-colors": {
      "version": "0.0.3",
      "resolved": "https://registry.npmjs.org/@jrc03c/bash-colors/-/bash-colors-0.0.3.tgz",
      "integrity": "sha512-CHijOmwR7GS85v1Ur6kle3g2Q1/1mbySCCZyvrLw0hVOl41NihBA52lq/feLWANvylotLjQjdzQi+MQ4GhNh9Q=="
    },
    "node_modules/@jrc03c/js-math-tools": {
      "version": "0.0.58",
      "resolved": "https://registry.npmjs.org/@jrc03c/js-math-tools/-/js-math-tools-0.0.58.tgz",
      "integrity": "sha512-GdaYsuoWk/4fdCHJUWxaEU77KeSu46vJBzB7u7WruV6y2JtQ9COm3J/naC9hB+gSBcMc55qhrmNoB6My6bdLTw=="
    },
    "node_modules/@jrc03c/js-text-tools": {
      "version": "0.0.24",
      "resolved": "https://registry.npmjs.org/@jrc03c/js-text-tools/-/js-text-tools-0.0.24.tgz",
      "integrity": "sha512-SSrPvWUnPw1eaR56XXmO+u1TYdBxTaHK0ngJ4TFDvm9NJEkhNeStlgqgFFf7/TXux9UqTWWTaINUMdKR8bG67Q==",
      "dependencies": {
        "@jrc03c/bash-colors": "^0.0.3",
        "@jrc03c/js-math-tools": "^0.0.58"
      },
      "bin": {
        "camel": "src/camelify-bin.js",
        "camelify": "src/camelify-bin.js",
        "indent": "src/indent-bin.js",
        "kebab": "src/kebabify-bin.js",
        "kebabify": "src/kebabify-bin.js",
        "pascal": "src/pascalify-bin.js",
        "pascalify": "src/pascalify-bin.js",
        "snake": "src/snakeify-bin.js",
        "snakeify": "src/snakeify-bin.js",
        "unindent": "src/unindent-bin.js",
        "wrap": "src/wrap-bin.js"
      }
    }
  }
}
